{
    "name": "readme-generator",
    "version": "1.0.0",
    "lockfileVersion": 1,
    "requires": true,
    "dependencies": {
      "@types/color-name": {
        "version": "1.1.1",
        "resolved": "https://registry.npmjs.org/@types/color-name/-/color-name-1.1.1.tgz",
        "integrity": "sha512-rr+OQyAjxze7GgWrSaJwydHStIhHq2lvY3BOC2Mj7KnzI7XK0Uw1TOOdI9lDoajEbSWLiYgoo4f1R51erQfhPQ=="
      },
      "ansi-escapes": {
        "version": "4.3.1",
        "resolved": "https://registry.npmjs.org/ansi-escapes/-/ansi-escapes-4.3.1.tgz",
        "integrity": "sha512-JWF7ocqNrp8u9oqpgV+wH5ftbt+cfvv+PTjOvKLT3AdYly/LmORARfEVT1iyjwN+4MqE5UmVKoAdIBqeoCHgLA==",
        "requires": {
          "type-fest": "^0.11.0"
        }
      },
      "ansi-regex": {
        "version": "5.0.0",
        "resolved": "https://registry.npmjs.org/ansi-regex/-/ansi-regex-5.0.0.tgz",
        "integrity": "sha512-bY6fj56OUQ0hU1KjFNDQuJFezqKdrAyFdIevADiqrWHwSlbmBNMHp5ak2f40Pm8JTFyM2mqxkG6ngkHO11f/lg=="
      },
      "ansi-styles": {
        "version": "4.2.1",
        "resolved": "https://registry.npmjs.org/ansi-styles/-/ansi-styles-4.2.1.tgz",
        "integrity": "sha512-9VGjrMsG1vePxcSweQsN20KY/c4zN0h9fLjqAbwbPfahM3t+NL+M9HC8xeXG2I8pX5NoamTGNuomEUFI7fcUjA==",
        "requires": {
          "@types/color-name": "^1.1.1",
          "color-convert": "^2.0.1"
        }
      },
      "array-filter": {
        "version": "1.0.0",
        "resolved": "https://registry.npmjs.org/array-filter/-/array-filter-1.0.0.tgz",
        "integrity": "sha1-uveeYubvTCpMC4MSMtr/7CUfnYM="
      },
      "available-typed-arrays": {
        "version": "1.0.2",
        "resolved": "https://registry.npmjs.org/available-typed-arrays/-/available-typed-arrays-1.0.2.tgz",
        "integrity": "sha512-XWX3OX8Onv97LMk/ftVyBibpGwY5a8SmuxZPzeOxqmuEqUCOM9ZE+uIaD1VNJ5QnvU2UQusvmKbuM1FR8QWGfQ==",
        "requires": {
          "array-filter": "^1.0.0"
        }
      },
      "axios": {
        "version": "0.19.2",
        "resolved": "https://registry.npmjs.org/axios/-/axios-0.19.2.tgz",
        "integrity": "sha512-fjgm5MvRHLhx+osE2xoekY70AhARk3a6hkN+3Io1jc00jtquGvxYlKlsFUhmUET0V5te6CcZI7lcv2Ym61mjHA==",
        "requires": {
          "follow-redirects": "1.5.10"
        }
      },
      "chalk": {
        "version": "3.0.0",
        "resolved": "https://registry.npmjs.org/chalk/-/chalk-3.0.0.tgz",
        "integrity": "sha512-4D3B6Wf41KOYRFdszmDqMCGq5VV/uMAB273JILmO+3jAlh8X4qDtdtgCR3fxtbLEMzSx22QdhnDcJvu2u1fVwg==",
        "requires": {
          "ansi-styles": "^4.1.0",
          "supports-color": "^7.1.0"
        }
      },
      "chardet": {
        "version": "0.7.0",
        "resolved": "https://registry.npmjs.org/chardet/-/chardet-0.7.0.tgz",
        "integrity": "sha512-mT8iDcrh03qDGRRmoA2hmBJnxpllMR+0/0qlzjqZES6NdiWDcZkCNAk4rPFZ9Q85r27unkiNNg8ZOiwZXBHwcA=="
      },
      "cli-cursor": {
        "version": "3.1.0",
        "resolved": "https://registry.npmjs.org/cli-cursor/-/cli-cursor-3.1.0.tgz",
        "integrity": "sha512-I/zHAwsKf9FqGoXM4WWRACob9+SNukZTd94DWF57E4toouRulbCxcUh6RKUEOQlYTHJnzkPMySvPNaaSLNfLZw==",
        "requires": {
          "restore-cursor": "^3.1.0"
        }
      },
      "cli-width": {
        "version": "2.2.1",
        "resolved": "https://registry.npmjs.org/cli-width/-/cli-width-2.2.1.tgz",
        "integrity": "sha512-GRMWDxpOB6Dgk2E5Uo+3eEBvtOOlimMmpbFiKuLFnQzYDavtLFY3K5ona41jgN/WdRZtG7utuVSVTL4HbZHGkw=="
      },
      "color-convert": {
        "version": "2.0.1",
        "resolved": "https://registry.npmjs.org/color-convert/-/color-convert-2.0.1.tgz",
        "integrity": "sha512-RRECPsj7iu/xb5oKYcsFHSppFNnsj/52OVTRKb4zP5onXwVF3zVmmToNcOfGC+CRDpfK/U584fMg38ZHCaElKQ==",
        "requires": {
          "color-name": "~1.1.4"
        }
      },
      "color-name": {
        "version": "1.1.4",
        "resolved": "https://registry.npmjs.org/color-name/-/color-name-1.1.4.tgz",
        "integrity": "sha512-dOy+3AuW3a2wNbZHIuMZpTcgjGuLU/uBL/ubcZF9OXbDo8ff4O8yVp5Bf0efS8uEoYo5q4Fx7dY9OgQGXgAsQA=="
      },
      "debug": {
        "version": "3.1.0",
        "resolved": "https://registry.npmjs.org/debug/-/debug-3.1.0.tgz",
        "integrity": "sha512-OX8XqP7/1a9cqkxYw2yXss15f26NKWBpDXQd0/uK/KPqdQhxbPa994hnzjcE2VqQpDslf55723cKPUOGSmMY3g==",
        "requires": {
          "ms": "2.0.0"
        }